
Microsoft Visual Studio Solution File, Format Version 12.00
# Visual Studio 15
VisualStudioVersion = 15.0.26730.10
MinimumVisualStudioVersion = 10.0.40219.1
Project("{9A19103F-16F7-4668-BE54-9A1E7A4F7556}") = "CodeGenerator.Interfaces", "CodeGenerator.Interfaces\CodeGenerator.Interfaces.csproj", "{BCD38885-5129-497B-BF73-78867F6C8C67}"
EndProject
Project("{9A19103F-16F7-4668-BE54-9A1E7A4F7556}") = "CodeGenerator.CodeConfiguration", "CodeGenerator.CodeConfiguration\CodeGenerator.CodeConfiguration.csproj", "{869F3E29-83B0-424A-B6EF-12B45400C1D5}"
EndProject
Project("{9A19103F-16F7-4668-BE54-9A1E7A4F7556}") = "CodeGenerator.Test", "CodeGenerator.Test\CodeGenerator.Test.csproj", "{8BC6AE0B-5CF0-4C1B-94FB-4D8824B555C2}"
EndProject
Project("{9A19103F-16F7-4668-BE54-9A1E7A4F7556}") = "CodeGenerator.CodeAutoincrement", "CodeGenerator.CodeAutoincrement\CodeGenerator.CodeAutoincrement.csproj", "{2CB97AD7-D530-4A6A-ABE5-EA8709543F61}"
EndProject
Project("{FAE04EC0-301F-11D3-BF4B-00C04F79EFBC}") = "CodeGenerator.CodeAleatory", "CodeGenerator.CodeAleatory\CodeGenerator.CodeAleatory.csproj", "{EA17CA49-3E1E-4B98-BA99-26795F7106D7}"
EndProject
Global
	GlobalSection(SolutionConfigurationPlatforms) = preSolution
		Debug|Any CPU = Debug|Any CPU
		Release|Any CPU = Release|Any CPU
	EndGlobalSection
	GlobalSection(ProjectConfigurationPlatforms) = postSolution
		{BCD38885-5129-497B-BF73-78867F6C8C67}.Debug|Any CPU.ActiveCfg = Debug|Any CPU
		{BCD38885-5129-497B-BF73-78867F6C8C67}.Debug|Any CPU.Build.0 = Debug|Any CPU
		{BCD38885-5129-497B-BF73-78867F6C8C67}.Release|Any CPU.ActiveCfg = Release|Any CPU
		{BCD38885-5129-497B-BF73-78867F6C8C67}.Release|Any CPU.Build.0 = Release|Any CPU
		{869F3E29-83B0-424A-B6EF-12B45400C1D5}.Debug|Any CPU.ActiveCfg = Debug|Any CPU
		{869F3E29-83B0-424A-B6EF-12B45400C1D5}.Debug|Any CPU.Build.0 = Debug|Any CPU
		{869F3E29-83B0-424A-B6EF-12B45400C1D5}.Release|Any CPU.ActiveCfg = Release|Any CPU
		{869F3E29-83B0-424A-B6EF-12B45400C1D5}.Release|Any CPU.Build.0 = Release|Any CPU
		{8BC6AE0B-5CF0-4C1B-94FB-4D8824B555C2}.Debug|Any CPU.ActiveCfg = Debug|Any CPU
		{8BC6AE0B-5CF0-4C1B-94FB-4D8824B555C2}.Debug|Any CPU.Build.0 = Debug|Any CPU
		{8BC6AE0B-5CF0-4C1B-94FB-4D8824B555C2}.Release|Any CPU.ActiveCfg = Release|Any CPU
		{8BC6AE0B-5CF0-4C1B-94FB-4D8824B555C2}.Release|Any CPU.Build.0 = Release|Any CPU
		{2CB97AD7-D530-4A6A-ABE5-EA8709543F61}.Debug|Any CPU.ActiveCfg = Debug|Any CPU
		{2CB97AD7-D530-4A6A-ABE5-EA8709543F61}.Debug|Any CPU.Build.0 = Debug|Any CPU
		{2CB97AD7-D530-4A6A-ABE5-EA8709543F61}.Release|Any CPU.ActiveCfg = Release|Any CPU
		{2CB97AD7-D530-4A6A-ABE5-EA8709543F61}.Release|Any CPU.Build.0 = Release|Any CPU
		{EA17CA49-3E1E-4B98-BA99-26795F7106D7}.Debug|Any CPU.ActiveCfg = Debug|Any CPU
		{EA17CA49-3E1E-4B98-BA99-26795F7106D7}.Debug|Any CPU.Build.0 = Debug|Any CPU
		{EA17CA49-3E1E-4B98-BA99-26795F7106D7}.Release|Any CPU.ActiveCfg = Release|Any CPU
		{EA17CA49-3E1E-4B98-BA99-26795F7106D7}.Release|Any CPU.Build.0 = Release|Any CPU
	EndGlobalSection
	GlobalSection(SolutionProperties) = preSolution
		HideSolutionNode = FALSE
	EndGlobalSection
	GlobalSection(ExtensibilityGlobals) = postSolution
		SolutionGuid = {DE1B8998-E527-4D57-AF26-E5BF53418F5A}
	EndGlobalSection
EndGlobal
